
Microsoft Visual Studio Solution File, Format Version 12.00
# Visual Studio Version 17
VisualStudioVersion = 17.1.32414.318
MinimumVisualStudioVersion = 10.0.40219.1
Project("{FAE04EC0-301F-11D3-BF4B-00C04F79EFBC}") = "TCPServer", "TCPServer\TCPServer.csproj", "{5D0ED861-56E2-4E9B-B44D-C89B65ADA87F}"
EndProject
Project("{FAE04EC0-301F-11D3-BF4B-00C04F79EFBC}") = "TCPClient", "TCPClient\TCPClient.csproj", "{33656209-3DE7-4559-B1D2-63322FD8EC10}"
EndProject
Project("{FAE04EC0-301F-11D3-BF4B-00C04F79EFBC}") = "Disk Information", "Disk Information\Disk Information.csproj", "{312382A4-4F88-4DC6-97D5-797D64D6F89B}"
EndProject
Global
	GlobalSection(SolutionConfigurationPlatforms) = preSolution
		Debug|Any CPU = Debug|Any CPU
		Release|Any CPU = Release|Any CPU
	EndGlobalSection
	GlobalSection(ProjectConfigurationPlatforms) = postSolution
		{5D0ED861-56E2-4E9B-B44D-C89B65ADA87F}.Debug|Any CPU.ActiveCfg = Debug|Any CPU
		{5D0ED861-56E2-4E9B-B44D-C89B65ADA87F}.Debug|Any CPU.Build.0 = Debug|Any CPU
		{5D0ED861-56E2-4E9B-B44D-C89B65ADA87F}.Release|Any CPU.ActiveCfg = Release|Any CPU
		{5D0ED861-56E2-4E9B-B44D-C89B65ADA87F}.Release|Any CPU.Build.0 = Release|Any CPU
		{33656209-3DE7-4559-B1D2-63322FD8EC10}.Debug|Any CPU.ActiveCfg = Debug|Any CPU
		{33656209-3DE7-4559-B1D2-63322FD8EC10}.Debug|Any CPU.Build.0 = Debug|Any CPU
		{33656209-3DE7-4559-B1D2-63322FD8EC10}.Release|Any CPU.ActiveCfg = Release|Any CPU
		{33656209-3DE7-4559-B1D2-63322FD8EC10}.Release|Any CPU.Build.0 = Release|Any CPU
		{312382A4-4F88-4DC6-97D5-797D64D6F89B}.Debug|Any CPU.ActiveCfg = Debug|Any CPU
		{312382A4-4F88-4DC6-97D5-797D64D6F89B}.Debug|Any CPU.Build.0 = Debug|Any CPU
		{312382A4-4F88-4DC6-97D5-797D64D6F89B}.Release|Any CPU.ActiveCfg = Release|Any CPU
		{312382A4-4F88-4DC6-97D5-797D64D6F89B}.Release|Any CPU.Build.0 = Release|Any CPU
	EndGlobalSection
	GlobalSection(SolutionProperties) = preSolution
		HideSolutionNode = FALSE
	EndGlobalSection
	GlobalSection(ExtensibilityGlobals) = postSolution
		SolutionGuid = {847F207C-2A6C-4B0A-94B4-E33BF139D751}
	EndGlobalSection
EndGlobal
